
Microsoft Visual Studio Solution File, Format Version 12.00
# Visual Studio Version 16
VisualStudioVersion = 16.0.28803.452
MinimumVisualStudioVersion = 10.0.40219.1
Project("{9A19103F-16F7-4668-BE54-9A1E7A4F7556}") = "Piscies.EntreContos.Domain", "Piscies.EntreContos.Domain\Piscies.EntreContos.Domain.csproj", "{1DAE64EB-572E-4FA0-AD77-447BFDF3D82E}"
EndProject
Project("{9A19103F-16F7-4668-BE54-9A1E7A4F7556}") = "Piscies.EntreContos.Facade", "Piscies.EntreContos.Facade\Piscies.EntreContos.Facade.csproj", "{97649975-9CEF-4A65-AAC0-49FEA1AF646A}"
EndProject
Project("{9A19103F-16F7-4668-BE54-9A1E7A4F7556}") = "Piscies.EntreContos.Infrastructure", "Piscies.EntreContos.Infrastructure\Piscies.EntreContos.Infrastructure.csproj", "{E36E0DCF-BD60-4CBA-96D8-227022A68C68}"
EndProject
Project("{9A19103F-16F7-4668-BE54-9A1E7A4F7556}") = "Piscies.EntreContos.Infrastructure.Interface", "Piscies.EntreContos.Infrastructure.Interface\Piscies.EntreContos.Infrastructure.Interface.csproj", "{7F4AC22C-0A21-4303-9954-25552B21A551}"
EndProject
Project("{9A19103F-16F7-4668-BE54-9A1E7A4F7556}") = "Piscies.EntreContos.Application", "Piscies.EntreContos.Application\Piscies.EntreContos.Application.csproj", "{55C98CB1-2716-4867-97DA-3815FE15453D}"
EndProject
Project("{9A19103F-16F7-4668-BE54-9A1E7A4F7556}") = "Piscies.EntreContos.Application.Interface", "Piscies.EntreContos.Application.Interface\Piscies.EntreContos.Application.Interface.csproj", "{82936929-1C1B-4C75-BED4-28CACB196163}"
EndProject
Project("{9A19103F-16F7-4668-BE54-9A1E7A4F7556}") = "Piscies.EntreContos.Crosscut", "Piscies.EntreContos.Crosscut\Piscies.EntreContos.Crosscut.csproj", "{DDCC7901-530A-46C9-9EE5-833800532866}"
EndProject
Project("{2150E333-8FDC-42A3-9474-1A3956D46DE8}") = "Application", "Application", "{5DBF9623-3C9E-4D47-8A20-E08595DBD97C}"
EndProject
Project("{2150E333-8FDC-42A3-9474-1A3956D46DE8}") = "Domain", "Domain", "{17614C10-980A-445A-8487-23626AB20615}"
EndProject
Project("{2150E333-8FDC-42A3-9474-1A3956D46DE8}") = "API", "API", "{4335D066-16C2-402B-AF70-7CA8042AEBE0}"
EndProject
Project("{2150E333-8FDC-42A3-9474-1A3956D46DE8}") = "Infrastructure", "Infrastructure", "{0FBB1472-59AC-4F6F-852A-C6A6A029621C}"
EndProject
Project("{2150E333-8FDC-42A3-9474-1A3956D46DE8}") = "Crosscut", "Crosscut", "{1A567AF7-5BD1-4301-946D-FADDEAC87EA2}"
EndProject
Project("{2150E333-8FDC-42A3-9474-1A3956D46DE8}") = "Frontend", "Frontend", "{DC096DBA-8C8B-4465-A448-5D95A86C8B1D}"
EndProject
Project("{E24C65DC-7377-472B-9ABA-BC803B73C61A}") = "Piscies.EntreContos.Frontend", "Piscies.EntreContos.Frontend\", "{43F82F0C-01F8-4F4C-AA99-D62C98703E33}"
	ProjectSection(WebsiteProperties) = preProject
		TargetFrameworkMoniker = ".NETFramework,Version%3Dv4.6.1"
		Debug.AspNetCompiler.VirtualPath = "/localhost_64033"
		Debug.AspNetCompiler.PhysicalPath = "Piscies.EntreContos.Frontend\"
		Debug.AspNetCompiler.TargetPath = "PrecompiledWeb\localhost_64033\"
		Debug.AspNetCompiler.Updateable = "true"
		Debug.AspNetCompiler.ForceOverwrite = "true"
		Debug.AspNetCompiler.FixedNames = "false"
		Debug.AspNetCompiler.Debug = "True"
		Release.AspNetCompiler.VirtualPath = "/localhost_64033"
		Release.AspNetCompiler.PhysicalPath = "Piscies.EntreContos.Frontend\"
		Release.AspNetCompiler.TargetPath = "PrecompiledWeb\localhost_64033\"
		Release.AspNetCompiler.Updateable = "true"
		Release.AspNetCompiler.ForceOverwrite = "true"
		Release.AspNetCompiler.FixedNames = "false"
		Release.AspNetCompiler.Debug = "False"
		VWDPort = "64033"
		SlnRelativePath = "Piscies.EntreContos.Frontend\"
		DefaultWebSiteLanguage = "Visual C#"
	EndProjectSection
EndProject
Project("{FAE04EC0-301F-11D3-BF4B-00C04F79EFBC}") = "Piscies.EntreContos.Frontend.MVC", "Piscies.EntreContos.Frontend.MVC\Piscies.EntreContos.Frontend.MVC.csproj", "{7DA46ED4-C43B-4063-B22C-C3FC5762BAA4}"
EndProject
Project("{2150E333-8FDC-42A3-9474-1A3956D46DE8}") = "Documentation", "Documentation", "{9F67A203-4E29-4959-B04A-3660EC720A04}"
	ProjectSection(SolutionItems) = preProject
		TodoFeatures.txt = TodoFeatures.txt
	EndProjectSection
EndProject
Global
	GlobalSection(SolutionConfigurationPlatforms) = preSolution
		Debug|Any CPU = Debug|Any CPU
		Release|Any CPU = Release|Any CPU
	EndGlobalSection
	GlobalSection(ProjectConfigurationPlatforms) = postSolution
		{1DAE64EB-572E-4FA0-AD77-447BFDF3D82E}.Debug|Any CPU.ActiveCfg = Debug|Any CPU
		{1DAE64EB-572E-4FA0-AD77-447BFDF3D82E}.Debug|Any CPU.Build.0 = Debug|Any CPU
		{1DAE64EB-572E-4FA0-AD77-447BFDF3D82E}.Release|Any CPU.ActiveCfg = Release|Any CPU
		{1DAE64EB-572E-4FA0-AD77-447BFDF3D82E}.Release|Any CPU.Build.0 = Release|Any CPU
		{97649975-9CEF-4A65-AAC0-49FEA1AF646A}.Debug|Any CPU.ActiveCfg = Debug|Any CPU
		{97649975-9CEF-4A65-AAC0-49FEA1AF646A}.Debug|Any CPU.Build.0 = Debug|Any CPU
		{97649975-9CEF-4A65-AAC0-49FEA1AF646A}.Release|Any CPU.ActiveCfg = Release|Any CPU
		{97649975-9CEF-4A65-AAC0-49FEA1AF646A}.Release|Any CPU.Build.0 = Release|Any CPU
		{E36E0DCF-BD60-4CBA-96D8-227022A68C68}.Debug|Any CPU.ActiveCfg = Debug|Any CPU
		{E36E0DCF-BD60-4CBA-96D8-227022A68C68}.Debug|Any CPU.Build.0 = Debug|Any CPU
		{E36E0DCF-BD60-4CBA-96D8-227022A68C68}.Release|Any CPU.ActiveCfg = Release|Any CPU
		{E36E0DCF-BD60-4CBA-96D8-227022A68C68}.Release|Any CPU.Build.0 = Release|Any CPU
		{7F4AC22C-0A21-4303-9954-25552B21A551}.Debug|Any CPU.ActiveCfg = Debug|Any CPU
		{7F4AC22C-0A21-4303-9954-25552B21A551}.Debug|Any CPU.Build.0 = Debug|Any CPU
		{7F4AC22C-0A21-4303-9954-25552B21A551}.Release|Any CPU.ActiveCfg = Release|Any CPU
		{7F4AC22C-0A21-4303-9954-25552B21A551}.Release|Any CPU.Build.0 = Release|Any CPU
		{55C98CB1-2716-4867-97DA-3815FE15453D}.Debug|Any CPU.ActiveCfg = Debug|Any CPU
		{55C98CB1-2716-4867-97DA-3815FE15453D}.Debug|Any CPU.Build.0 = Debug|Any CPU
		{55C98CB1-2716-4867-97DA-3815FE15453D}.Release|Any CPU.ActiveCfg = Release|Any CPU
		{55C98CB1-2716-4867-97DA-3815FE15453D}.Release|Any CPU.Build.0 = Release|Any CPU
		{82936929-1C1B-4C75-BED4-28CACB196163}.Debug|Any CPU.ActiveCfg = Debug|Any CPU
		{82936929-1C1B-4C75-BED4-28CACB196163}.Debug|Any CPU.Build.0 = Debug|Any CPU
		{82936929-1C1B-4C75-BED4-28CACB196163}.Release|Any CPU.ActiveCfg = Release|Any CPU
		{82936929-1C1B-4C75-BED4-28CACB196163}.Release|Any CPU.Build.0 = Release|Any CPU
		{DDCC7901-530A-46C9-9EE5-833800532866}.Debug|Any CPU.ActiveCfg = Debug|Any CPU
		{DDCC7901-530A-46C9-9EE5-833800532866}.Debug|Any CPU.Build.0 = Debug|Any CPU
		{DDCC7901-530A-46C9-9EE5-833800532866}.Release|Any CPU.ActiveCfg = Release|Any CPU
		{DDCC7901-530A-46C9-9EE5-833800532866}.Release|Any CPU.Build.0 = Release|Any CPU
		{43F82F0C-01F8-4F4C-AA99-D62C98703E33}.Debug|Any CPU.ActiveCfg = Debug|Any CPU
		{43F82F0C-01F8-4F4C-AA99-D62C98703E33}.Debug|Any CPU.Build.0 = Debug|Any CPU
		{43F82F0C-01F8-4F4C-AA99-D62C98703E33}.Release|Any CPU.ActiveCfg = Debug|Any CPU
		{43F82F0C-01F8-4F4C-AA99-D62C98703E33}.Release|Any CPU.Build.0 = Debug|Any CPU
		{7DA46ED4-C43B-4063-B22C-C3FC5762BAA4}.Debug|Any CPU.ActiveCfg = Debug|Any CPU
		{7DA46ED4-C43B-4063-B22C-C3FC5762BAA4}.Debug|Any CPU.Build.0 = Debug|Any CPU
		{7DA46ED4-C43B-4063-B22C-C3FC5762BAA4}.Release|Any CPU.ActiveCfg = Release|Any CPU
		{7DA46ED4-C43B-4063-B22C-C3FC5762BAA4}.Release|Any CPU.Build.0 = Release|Any CPU
	EndGlobalSection
	GlobalSection(SolutionProperties) = preSolution
		HideSolutionNode = FALSE
	EndGlobalSection
	GlobalSection(NestedProjects) = preSolution
		{1DAE64EB-572E-4FA0-AD77-447BFDF3D82E} = {17614C10-980A-445A-8487-23626AB20615}
		{97649975-9CEF-4A65-AAC0-49FEA1AF646A} = {4335D066-16C2-402B-AF70-7CA8042AEBE0}
		{E36E0DCF-BD60-4CBA-96D8-227022A68C68} = {0FBB1472-59AC-4F6F-852A-C6A6A029621C}
		{7F4AC22C-0A21-4303-9954-25552B21A551} = {0FBB1472-59AC-4F6F-852A-C6A6A029621C}
		{55C98CB1-2716-4867-97DA-3815FE15453D} = {5DBF9623-3C9E-4D47-8A20-E08595DBD97C}
		{82936929-1C1B-4C75-BED4-28CACB196163} = {5DBF9623-3C9E-4D47-8A20-E08595DBD97C}
		{DDCC7901-530A-46C9-9EE5-833800532866} = {1A567AF7-5BD1-4301-946D-FADDEAC87EA2}
		{43F82F0C-01F8-4F4C-AA99-D62C98703E33} = {DC096DBA-8C8B-4465-A448-5D95A86C8B1D}
		{7DA46ED4-C43B-4063-B22C-C3FC5762BAA4} = {DC096DBA-8C8B-4465-A448-5D95A86C8B1D}
	EndGlobalSection
	GlobalSection(ExtensibilityGlobals) = postSolution
		SolutionGuid = {DA3D39DD-1D11-4267-8126-F2468E4E8501}
	EndGlobalSection
EndGlobal
